// !$*UTF8*$!
{
	archiveVersion = 1;
	classes = {
	};
	objectVersion = 38;
	objects = {
		0149AE4F0075FABC7F000001 = {
			buildStyles = (
				0149AE540075FC557F000001,
				0149AE550075FC557F000001,
			);
			isa = PBXProject;
			knownRegions = (
				English,
				Japanese,
				French,
				German,
				Italian,
			);
			mainGroup = 0149AE500075FABC7F000001;
			productRefGroup = 0149AE580075FD537F000001;
			projectDirPath = "";
			targets = (
				0149AE5A0075FD537F000001,
			);
		};
		0149AE500075FABC7F000001 = {
			children = (
				F5E41486035DF53601A80102,
				F5E41483035DF53601A80102,
				F5D0861303613CC001A80102,
				F5D0861203613CC001A80102,
				F5E41484035DF53601A80102,
				F5D864290372A21401A80102,
				F5E41485035DF53601A80102,
				F5F1F661035B8AC901A80102,
				0149AE520075FC557F000001,
				0149AE580075FD537F000001,
			);
			isa = PBXGroup;
			refType = 4;
		};
		0149AE520075FC557F000001 = {
			children = (
				F5BB883A0360C98501A80102,
				F52066100194333401FFA40A,
				0149AE530075FC557F000001,
			);
			isa = PBXGroup;
			name = Frameworks;
			refType = 4;
		};
		0149AE530075FC557F000001 = {
			isa = PBXFrameworkReference;
			name = ScreenSaver.framework;
			path = /System/Library/Frameworks/ScreenSaver.framework;
			refType = 0;
		};
		0149AE540075FC557F000001 = {
			buildRules = (
			);
			buildSettings = {
				COPY_PHASE_STRIP = NO;
				DEBUGGING_SYMBOLS = YES;
				OPTIMIZATION_CFLAGS = "-O0";
			};
			isa = PBXBuildStyle;
			name = Development;
		};
		0149AE550075FC557F000001 = {
			buildRules = (
			);
			buildSettings = {
				COPY_PHASE_STRIP = YES;
				DEBUGGING_SYMBOLS = NO;
			};
			isa = PBXBuildStyle;
			name = Deployment;
		};
		0149AE580075FD537F000001 = {
			children = (
				0149AE590075FD537F000001,
			);
			isa = PBXGroup;
			name = Products;
			refType = 4;
		};
		0149AE590075FD537F000001 = {
			isa = PBXBundleReference;
			path = ifs.saver;
			refType = 3;
		};
		0149AE5A0075FD537F000001 = {
			buildPhases = (
				0149AE5B0075FD537F000001,
				0149AE5D0075FD537F000001,
				0149AE5E0075FD537F000001,
				0149AE600075FD537F000001,
				0149AE620075FD537F000001,
			);
			buildSettings = {
				OPTIMIZATION_CFLAGS = "-O3";
				OTHER_CFLAGS = "";
				OTHER_LDFLAGS = "";
				OTHER_REZFLAGS = "";
				PRODUCT_NAME = ifs;
				SECTORDER_FLAGS = "";
				WARNING_CFLAGS = "-Wmost -Wno-four-char-constants -Wno-unknown-pragmas";
				WRAPPER_EXTENSION = saver;
			};
			dependencies = (
			);
			isa = PBXBundleTarget;
			name = ifs;
			productInstallPath = "$(USER_LIBRARY_DIR)/Bundles";
			productName = Hopalong;
			productReference = 0149AE590075FD537F000001;
			productSettingsXML = "<?xml version=\"1.0\" encoding=\"UTF-8\"?>
<!DOCTYPE plist PUBLIC \"-//Apple Computer//DTD PLIST 1.0//EN\" \"http://www.apple.com/DTDs/PropertyList-1.0.dtd\">
<plist version=\"1.0\">
<dict>
	<key>CFBundleDevelopmentRegion</key>
	<string>English</string>
	<key>CFBundleExecutable</key>
	<string>ifs</string>
	<key>CFBundleGetInfoString</key>
	<string>1.1.1, Freeware</string>
	<key>CFBundleIdentifier</key>
	<string>com.uselesssoft.screensaver.ifs</string>
	<key>CFBundleInfoDictionaryVersion</key>
	<string>6.0</string>
	<key>CFBundleName</key>
	<string>ifs</string>
	<key>CFBundlePackageType</key>
	<string>BNDL</string>
	<key>CFBundleShortVersionString</key>
	<string>1.1.1</string>
	<key>CFBundleSignature</key>
	<string>????</string>
	<key>CFBundleVersion</key>
	<string>1.1.1</string>
</dict>
</plist>
";
			shouldUseHeadermap = 0;
		};
		0149AE5B0075FD537F000001 = {
			buildActionMask = 2147483647;
			files = (
				F5E41487035DF53601A80102,
				F5D0861403613CC101A80102,
			);
			isa = PBXHeadersBuildPhase;
			runOnlyForDeploymentPostprocessing = 0;
		};
		0149AE5D0075FD537F000001 = {
			buildActionMask = 2147483647;
			files = (
				F5F1F662035B8AC901A80102,
				F5E41488035DF53601A80102,
				F5D8642A0372A21401A80102,
			);
			isa = PBXResourcesBuildPhase;
			runOnlyForDeploymentPostprocessing = 0;
		};
		0149AE5E0075FD537F000001 = {
			buildActionMask = 2147483647;
			files = (
				F5E4148A035DF53601A80102,
				F5D0861503613CC101A80102,
			);
			isa = PBXSourcesBuildPhase;
			runOnlyForDeploymentPostprocessing = 0;
		};
		0149AE600075FD537F000001 = {
			buildActionMask = 2147483647;
			files = (
				0149AE610075FD537F000001,
				F52066110194333401FFA40A,
				F5BB884C0360C98501A80102,
			);
			isa = PBXFrameworksBuildPhase;
			runOnlyForDeploymentPostprocessing = 0;
		};
		0149AE610075FD537F000001 = {
			fileRef = 0149AE530075FC557F000001;
			isa = PBXBuildFile;
			settings = {
			};
		};
		0149AE620075FD537F000001 = {
			buildActionMask = 2147483647;
			files = (
			);
			isa = PBXRezBuildPhase;
			runOnlyForDeploymentPostprocessing = 0;
		};
//010
//011
//012
//013
//014
//F50
//F51
//F52
//F53
//F54
		F52066100194333401FFA40A = {
			isa = PBXFrameworkReference;
			name = AppKit.framework;
			path = /System/Library/Frameworks/AppKit.framework;
			refType = 0;
		};
		F52066110194333401FFA40A = {
			fileRef = F52066100194333401FFA40A;
			isa = PBXBuildFile;
			settings = {
			};
		};
		F5BB883A0360C98501A80102 = {
			isa = PBXFrameworkReference;
			name = OpenGL.framework;
			path = /System/Library/Frameworks/OpenGL.framework;
			refType = 0;
		};
		F5BB884C0360C98501A80102 = {
			fileRef = F5BB883A0360C98501A80102;
			isa = PBXBuildFile;
			settings = {
			};
		};
		F5D0861203613CC001A80102 = {
			isa = PBXFileReference;
			path = colors.h;
			refType = 4;
		};
		F5D0861303613CC001A80102 = {
			isa = PBXFileReference;
			path = colors.m;
			refType = 4;
		};
		F5D0861403613CC101A80102 = {
			fileRef = F5D0861203613CC001A80102;
			isa = PBXBuildFile;
			settings = {
			};
		};
		F5D0861503613CC101A80102 = {
			fileRef = F5D0861303613CC001A80102;
			isa = PBXBuildFile;
			settings = {
			};
		};
		F5D864290372A21401A80102 = {
			isa = PBXFileReference;
			path = ifsIcon.icns;
			refType = 4;
		};
		F5D8642A0372A21401A80102 = {
			fileRef = F5D864290372A21401A80102;
			isa = PBXBuildFile;
			settings = {
			};
		};
		F5E41483035DF53601A80102 = {
			isa = PBXFileReference;
			path = ifsView.h;
			refType = 4;
		};
		F5E41484035DF53601A80102 = {
			isa = PBXFileReference;
			path = ifs.nib;
			refType = 4;
		};
		F5E41485035DF53601A80102 = {
			isa = PBXFileReference;
			path = ifs.c;
			refType = 4;
		};
		F5E41486035DF53601A80102 = {
			isa = PBXFileReference;
			path = ifsView.m;
			refType = 4;
		};
		F5E41487035DF53601A80102 = {
			fileRef = F5E41483035DF53601A80102;
			isa = PBXBuildFile;
			settings = {
			};
		};
		F5E41488035DF53601A80102 = {
			fileRef = F5E41484035DF53601A80102;
			isa = PBXBuildFile;
			settings = {
			};
		};
		F5E4148A035DF53601A80102 = {
			fileRef = F5E41486035DF53601A80102;
			isa = PBXBuildFile;
			settings = {
			};
		};
		F5F1F65F035B8AC201A80102 = {
			isa = PBXFileReference;
			name = Localizable.strings;
			path = English.lproj/Localizable.strings;
			refType = 4;
		};
		F5F1F661035B8AC901A80102 = {
			children = (
				F5F1F65F035B8AC201A80102,
				F5F1F663035B8AD501A80102,
				F5F1F664035B8ADC01A80102,
			);
			isa = PBXVariantGroup;
			name = Localizable.strings;
			refType = 4;
		};
		F5F1F662035B8AC901A80102 = {
			fileRef = F5F1F661035B8AC901A80102;
			isa = PBXBuildFile;
			settings = {
			};
		};
		F5F1F663035B8AD501A80102 = {
			isa = PBXFileReference;
			name = French;
			path = French.lproj/Localizable.strings;
			refType = 4;
		};
		F5F1F664035B8ADC01A80102 = {
			isa = PBXFileReference;
			name = Italian;
			path = Italian.lproj/Localizable.strings;
			refType = 4;
		};
	};
	rootObject = 0149AE4F0075FABC7F000001;
}
